// !$*UTF8*$!
{
	archiveVersion = 1;
	classes = {
	};
	objectVersion = 50;
	objects = {

/* Begin PBXBuildFile section */
		1232C9E023D3340000CF91AF /* AppDelegate.swift in Sources */ = {isa = PBXBuildFile; fileRef = 1232C9DF23D3340000CF91AF /* AppDelegate.swift */; };
		1232C9E223D3340000CF91AF /* SceneDelegate.swift in Sources */ = {isa = PBXBuildFile; fileRef = 1232C9E123D3340000CF91AF /* SceneDelegate.swift */; };
		1232C9E723D3340000CF91AF /* Main.storyboard in Resources */ = {isa = PBXBuildFile; fileRef = 1232C9E523D3340000CF91AF /* Main.storyboard */; };
		1232C9EA23D3340000CF91AF /* VirtualTourist.xcdatamodeld in Sources */ = {isa = PBXBuildFile; fileRef = 1232C9E823D3340000CF91AF /* VirtualTourist.xcdatamodeld */; };
		1232C9EC23D3340300CF91AF /* Assets.xcassets in Resources */ = {isa = PBXBuildFile; fileRef = 1232C9EB23D3340300CF91AF /* Assets.xcassets */; };
		1232C9EF23D3340300CF91AF /* LaunchScreen.storyboard in Resources */ = {isa = PBXBuildFile; fileRef = 1232C9ED23D3340300CF91AF /* LaunchScreen.storyboard */; };
		1232C9FF23D3465D00CF91AF /* TravelLocationsViewController.swift in Sources */ = {isa = PBXBuildFile; fileRef = 1232C9FE23D3465D00CF91AF /* TravelLocationsViewController.swift */; };
		1232CA0A23D3587F00CF91AF /* Plist.swift in Sources */ = {isa = PBXBuildFile; fileRef = 1232CA0923D3587F00CF91AF /* Plist.swift */; };
		1232CA0C23D383CA00CF91AF /* PhotoAlbumViewController.swift in Sources */ = {isa = PBXBuildFile; fileRef = 1232CA0B23D383CA00CF91AF /* PhotoAlbumViewController.swift */; };
		1232CA0E23D38C5D00CF91AF /* PhotoAlbumCollectionViewCell.swift in Sources */ = {isa = PBXBuildFile; fileRef = 1232CA0D23D38C5D00CF91AF /* PhotoAlbumCollectionViewCell.swift */; };
		1232CA1023D38F4E00CF91AF /* UIView+Extension.swift in Sources */ = {isa = PBXBuildFile; fileRef = 1232CA0F23D38F4E00CF91AF /* UIView+Extension.swift */; };
		1232CA1423D398D300CF91AF /* DataController.swift in Sources */ = {isa = PBXBuildFile; fileRef = 1232CA1323D398D300CF91AF /* DataController.swift */; };
		1232CA1623D3A7A500CF91AF /* NetworkClient.swift in Sources */ = {isa = PBXBuildFile; fileRef = 1232CA1523D3A7A500CF91AF /* NetworkClient.swift */; };
		1232CA1823D49D0F00CF91AF /* FlickrParams.swift in Sources */ = {isa = PBXBuildFile; fileRef = 1232CA1723D49D0F00CF91AF /* FlickrParams.swift */; };
		1232CA1A23D49DE200CF91AF /* PinAnnotation.swift in Sources */ = {isa = PBXBuildFile; fileRef = 1232CA1923D49DE200CF91AF /* PinAnnotation.swift */; };
		1232CA2023D4BBBB00CF91AF /* TravelMapViewDelegate.swift in Sources */ = {isa = PBXBuildFile; fileRef = 1232CA1F23D4BBBB00CF91AF /* TravelMapViewDelegate.swift */; };
/* End PBXBuildFile section */

/* Begin PBXFileReference section */
		1232C9DC23D3340000CF91AF /* VirtualTourist.app */ = {isa = PBXFileReference; explicitFileType = wrapper.application; includeInIndex = 0; path = VirtualTourist.app; sourceTree = BUILT_PRODUCTS_DIR; };
		1232C9DF23D3340000CF91AF /* AppDelegate.swift */ = {isa = PBXFileReference; lastKnownFileType = sourcecode.swift; path = AppDelegate.swift; sourceTree = "<group>"; };
		1232C9E123D3340000CF91AF /* SceneDelegate.swift */ = {isa = PBXFileReference; lastKnownFileType = sourcecode.swift; path = SceneDelegate.swift; sourceTree = "<group>"; };
		1232C9E623D3340000CF91AF /* Base */ = {isa = PBXFileReference; lastKnownFileType = file.storyboard; name = Base; path = Base.lproj/Main.storyboard; sourceTree = "<group>"; };
		1232C9E923D3340000CF91AF /* VirtualTourist.xcdatamodel */ = {isa = PBXFileReference; lastKnownFileType = wrapper.xcdatamodel; path = VirtualTourist.xcdatamodel; sourceTree = "<group>"; };
		1232C9EB23D3340300CF91AF /* Assets.xcassets */ = {isa = PBXFileReference; lastKnownFileType = folder.assetcatalog; path = Assets.xcassets; sourceTree = "<group>"; };
		1232C9EE23D3340300CF91AF /* Base */ = {isa = PBXFileReference; lastKnownFileType = file.storyboard; name = Base; path = Base.lproj/LaunchScreen.storyboard; sourceTree = "<group>"; };
		1232C9F023D3340300CF91AF /* Info.plist */ = {isa = PBXFileReference; lastKnownFileType = text.plist.xml; path = Info.plist; sourceTree = "<group>"; };
		1232C9FE23D3465D00CF91AF /* TravelLocationsViewController.swift */ = {isa = PBXFileReference; lastKnownFileType = sourcecode.swift; path = TravelLocationsViewController.swift; sourceTree = "<group>"; };
		1232CA0923D3587F00CF91AF /* Plist.swift */ = {isa = PBXFileReference; lastKnownFileType = sourcecode.swift; path = Plist.swift; sourceTree = "<group>"; };
		1232CA0B23D383CA00CF91AF /* PhotoAlbumViewController.swift */ = {isa = PBXFileReference; lastKnownFileType = sourcecode.swift; path = PhotoAlbumViewController.swift; sourceTree = "<group>"; };
		1232CA0D23D38C5D00CF91AF /* PhotoAlbumCollectionViewCell.swift */ = {isa = PBXFileReference; lastKnownFileType = sourcecode.swift; path = PhotoAlbumCollectionViewCell.swift; sourceTree = "<group>"; };
		1232CA0F23D38F4E00CF91AF /* UIView+Extension.swift */ = {isa = PBXFileReference; lastKnownFileType = sourcecode.swift; path = "UIView+Extension.swift"; sourceTree = "<group>"; };
		1232CA1323D398D300CF91AF /* DataController.swift */ = {isa = PBXFileReference; lastKnownFileType = sourcecode.swift; path = DataController.swift; sourceTree = "<group>"; };
		1232CA1523D3A7A500CF91AF /* NetworkClient.swift */ = {isa = PBXFileReference; lastKnownFileType = sourcecode.swift; path = NetworkClient.swift; sourceTree = "<group>"; };
		1232CA1723D49D0F00CF91AF /* FlickrParams.swift */ = {isa = PBXFileReference; lastKnownFileType = sourcecode.swift; path = FlickrParams.swift; sourceTree = "<group>"; };
		1232CA1923D49DE200CF91AF /* PinAnnotation.swift */ = {isa = PBXFileReference; lastKnownFileType = sourcecode.swift; path = PinAnnotation.swift; sourceTree = "<group>"; };
		1232CA1F23D4BBBB00CF91AF /* TravelMapViewDelegate.swift */ = {isa = PBXFileReference; lastKnownFileType = sourcecode.swift; path = TravelMapViewDelegate.swift; sourceTree = "<group>"; };
/* End PBXFileReference section */

/* Begin PBXFrameworksBuildPhase section */
		1232C9D923D3340000CF91AF /* Frameworks */ = {
			isa = PBXFrameworksBuildPhase;
			buildActionMask = 2147483647;
			files = (
			);
			runOnlyForDeploymentPostprocessing = 0;
		};
/* End PBXFrameworksBuildPhase section */

/* Begin PBXGroup section */
		1232C9D323D3340000CF91AF = {
			isa = PBXGroup;
			children = (
				1232C9DE23D3340000CF91AF /* VirtualTourist */,
				1232C9DD23D3340000CF91AF /* Products */,
			);
			sourceTree = "<group>";
		};
		1232C9DD23D3340000CF91AF /* Products */ = {
			isa = PBXGroup;
			children = (
				1232C9DC23D3340000CF91AF /* VirtualTourist.app */,
			);
			name = Products;
			sourceTree = "<group>";
		};
		1232C9DE23D3340000CF91AF /* VirtualTourist */ = {
			isa = PBXGroup;
			children = (
				1232C9DF23D3340000CF91AF /* AppDelegate.swift */,
				1232C9E123D3340000CF91AF /* SceneDelegate.swift */,
				1232C9F023D3340300CF91AF /* Info.plist */,
				1232C9F623D3402000CF91AF /* Models */,
				1232C9F723D3403200CF91AF /* Views */,
				1232C9F823D3403700CF91AF /* Controllers */,
				1232C9F923D3405700CF91AF /* Assets */,
				1232C9FA23D3405D00CF91AF /* Extensions */,
			);
			path = VirtualTourist;
			sourceTree = "<group>";
		};
		1232C9F623D3402000CF91AF /* Models */ = {
			isa = PBXGroup;
			children = (
				1232C9FB23D3447700CF91AF /* Data */,
				1232CA1123D398B000CF91AF /* Network */,
				1232CA1223D398BD00CF91AF /* Core Data */,
			);
			path = Models;
			sourceTree = "<group>";
		};
		1232C9F723D3403200CF91AF /* Views */ = {
			isa = PBXGroup;
			children = (
				1232C9E523D3340000CF91AF /* Main.storyboard */,
				1232CA0D23D38C5D00CF91AF /* PhotoAlbumCollectionViewCell.swift */,
			);
			path = Views;
			sourceTree = "<group>";
		};
		1232C9F823D3403700CF91AF /* Controllers */ = {
			isa = PBXGroup;
			children = (
				1232C9FE23D3465D00CF91AF /* TravelLocationsViewController.swift */,
				1232CA0B23D383CA00CF91AF /* PhotoAlbumViewController.swift */,
				1232CA1F23D4BBBB00CF91AF /* TravelMapViewDelegate.swift */,
			);
			path = Controllers;
			sourceTree = "<group>";
		};
		1232C9F923D3405700CF91AF /* Assets */ = {
			isa = PBXGroup;
			children = (
				1232C9EB23D3340300CF91AF /* Assets.xcassets */,
				1232C9ED23D3340300CF91AF /* LaunchScreen.storyboard */,
			);
			path = Assets;
			sourceTree = "<group>";
		};
		1232C9FA23D3405D00CF91AF /* Extensions */ = {
			isa = PBXGroup;
			children = (
				1232CA0F23D38F4E00CF91AF /* UIView+Extension.swift */,
			);
			path = Extensions;
			sourceTree = "<group>";
		};
		1232C9FB23D3447700CF91AF /* Data */ = {
			isa = PBXGroup;
			children = (
				1232CA0923D3587F00CF91AF /* Plist.swift */,
				1232CA1923D49DE200CF91AF /* PinAnnotation.swift */,
			);
			path = Data;
			sourceTree = "<group>";
		};
		1232CA0223D354E500CF91AF /* Network Client */ = {
			isa = PBXGroup;
			children = (
				1232CA1523D3A7A500CF91AF /* NetworkClient.swift */,
			);
			path = "Network Client";
			sourceTree = "<group>";
		};
		1232CA0323D3550100CF91AF /* Network Requests */ = {
			isa = PBXGroup;
			children = (
				1232CA1723D49D0F00CF91AF /* FlickrParams.swift */,
			);
			path = "Network Requests";
			sourceTree = "<group>";
		};
		1232CA0423D3550D00CF91AF /* Network Responses */ = {
			isa = PBXGroup;
			children = (
			);
			path = "Network Responses";
			sourceTree = "<group>";
		};
		1232CA1123D398B000CF91AF /* Network */ = {
			isa = PBXGroup;
			children = (
				1232CA0223D354E500CF91AF /* Network Client */,
				1232CA0323D3550100CF91AF /* Network Requests */,
				1232CA0423D3550D00CF91AF /* Network Responses */,
			);
			path = Network;
			sourceTree = "<group>";
		};
		1232CA1223D398BD00CF91AF /* Core Data */ = {
			isa = PBXGroup;
			children = (
				1232C9E823D3340000CF91AF /* VirtualTourist.xcdatamodeld */,
				1232CA1323D398D300CF91AF /* DataController.swift */,
			);
			path = "Core Data";
			sourceTree = "<group>";
		};
/* End PBXGroup section */

/* Begin PBXNativeTarget section */
		1232C9DB23D3340000CF91AF /* VirtualTourist */ = {
			isa = PBXNativeTarget;
			buildConfigurationList = 1232C9F323D3340300CF91AF /* Build configuration list for PBXNativeTarget "VirtualTourist" */;
			buildPhases = (
				1232C9D823D3340000CF91AF /* Sources */,
				1232C9D923D3340000CF91AF /* Frameworks */,
				1232C9DA23D3340000CF91AF /* Resources */,
			);
			buildRules = (
			);
			dependencies = (
			);
			name = VirtualTourist;
			productName = VirtualTourist;
			productReference = 1232C9DC23D3340000CF91AF /* VirtualTourist.app */;
			productType = "com.apple.product-type.application";
		};
/* End PBXNativeTarget section */

/* Begin PBXProject section */
		1232C9D423D3340000CF91AF /* Project object */ = {
			isa = PBXProject;
			attributes = {
				LastSwiftUpdateCheck = 1130;
				LastUpgradeCheck = 1130;
				ORGANIZATIONNAME = "Emmanuel Okwara";
				TargetAttributes = {
					1232C9DB23D3340000CF91AF = {
						CreatedOnToolsVersion = 11.3;
					};
				};
			};
			buildConfigurationList = 1232C9D723D3340000CF91AF /* Build configuration list for PBXProject "VirtualTourist" */;
			compatibilityVersion = "Xcode 9.3";
			developmentRegion = en;
			hasScannedForEncodings = 0;
			knownRegions = (
				en,
				Base,
			);
			mainGroup = 1232C9D323D3340000CF91AF;
			productRefGroup = 1232C9DD23D3340000CF91AF /* Products */;
			projectDirPath = "";
			projectRoot = "";
			targets = (
				1232C9DB23D3340000CF91AF /* VirtualTourist */,
			);
		};
/* End PBXProject section */

/* Begin PBXResourcesBuildPhase section */
		1232C9DA23D3340000CF91AF /* Resources */ = {
			isa = PBXResourcesBuildPhase;
			buildActionMask = 2147483647;
			files = (
				1232C9EF23D3340300CF91AF /* LaunchScreen.storyboard in Resources */,
				1232C9EC23D3340300CF91AF /* Assets.xcassets in Resources */,
				1232C9E723D3340000CF91AF /* Main.storyboard in Resources */,
			);
			runOnlyForDeploymentPostprocessing = 0;
		};
/* End PBXResourcesBuildPhase section */

/* Begin PBXSourcesBuildPhase section */
		1232C9D823D3340000CF91AF /* Sources */ = {
			isa = PBXSourcesBuildPhase;
			buildActionMask = 2147483647;
			files = (
				1232C9EA23D3340000CF91AF /* VirtualTourist.xcdatamodeld in Sources */,
				1232CA1623D3A7A500CF91AF /* NetworkClient.swift in Sources */,
				1232CA2023D4BBBB00CF91AF /* TravelMapViewDelegate.swift in Sources */,
				1232CA0A23D3587F00CF91AF /* Plist.swift in Sources */,
				1232CA1023D38F4E00CF91AF /* UIView+Extension.swift in Sources */,
				1232CA1A23D49DE200CF91AF /* PinAnnotation.swift in Sources */,
				1232CA1823D49D0F00CF91AF /* FlickrParams.swift in Sources */,
				1232C9E023D3340000CF91AF /* AppDelegate.swift in Sources */,
				1232CA1423D398D300CF91AF /* DataController.swift in Sources */,
				1232C9FF23D3465D00CF91AF /* TravelLocationsViewController.swift in Sources */,
				1232C9E223D3340000CF91AF /* SceneDelegate.swift in Sources */,
				1232CA0C23D383CA00CF91AF /* PhotoAlbumViewController.swift in Sources */,
				1232CA0E23D38C5D00CF91AF /* PhotoAlbumCollectionViewCell.swift in Sources */,
			);
			runOnlyForDeploymentPostprocessing = 0;
		};
/* End PBXSourcesBuildPhase section */

/* Begin PBXVariantGroup section */
		1232C9E523D3340000CF91AF /* Main.storyboard */ = {
			isa = PBXVariantGroup;
			children = (
				1232C9E623D3340000CF91AF /* Base */,
			);
			name = Main.storyboard;
			sourceTree = "<group>";
		};
		1232C9ED23D3340300CF91AF /* LaunchScreen.storyboard */ = {
			isa = PBXVariantGroup;
			children = (
				1232C9EE23D3340300CF91AF /* Base */,
			);
			name = LaunchScreen.storyboard;
			sourceTree = "<group>";
		};
/* End PBXVariantGroup section */

/* Begin XCBuildConfiguration section */
		1232C9F123D3340300CF91AF /* Debug */ = {
			isa = XCBuildConfiguration;
			buildSettings = {
				ALWAYS_SEARCH_USER_PATHS = NO;
				CLANG_ANALYZER_NONNULL = YES;
				CLANG_ANALYZER_NUMBER_OBJECT_CONVERSION = YES_AGGRESSIVE;
				CLANG_CXX_LANGUAGE_STANDARD = "gnu++14";
				CLANG_CXX_LIBRARY = "libc++";
				CLANG_ENABLE_MODULES = YES;
				CLANG_ENABLE_OBJC_ARC = YES;
				CLANG_ENABLE_OBJC_WEAK = YES;
				CLANG_WARN_BLOCK_CAPTURE_AUTORELEASING = YES;
				CLANG_WARN_BOOL_CONVERSION = YES;
				CLANG_WARN_COMMA = YES;
				CLANG_WARN_CONSTANT_CONVERSION = YES;
				CLANG_WARN_DEPRECATED_OBJC_IMPLEMENTATIONS = YES;
				CLANG_WARN_DIRECT_OBJC_ISA_USAGE = YES_ERROR;
				CLANG_WARN_DOCUMENTATION_COMMENTS = YES;
				CLANG_WARN_EMPTY_BODY = YES;
				CLANG_WARN_ENUM_CONVERSION = YES;
				CLANG_WARN_INFINITE_RECURSION = YES;
				CLANG_WARN_INT_CONVERSION = YES;
				CLANG_WARN_NON_LITERAL_NULL_CONVERSION = YES;
				CLANG_WARN_OBJC_IMPLICIT_RETAIN_SELF = YES;
				CLANG_WARN_OBJC_LITERAL_CONVERSION = YES;
				CLANG_WARN_OBJC_ROOT_CLASS = YES_ERROR;
				CLANG_WARN_RANGE_LOOP_ANALYSIS = YES;
				CLANG_WARN_STRICT_PROTOTYPES = YES;
				CLANG_WARN_SUSPICIOUS_MOVE = YES;
				CLANG_WARN_UNGUARDED_AVAILABILITY = YES_AGGRESSIVE;
				CLANG_WARN_UNREACHABLE_CODE = YES;
				CLANG_WARN__DUPLICATE_METHOD_MATCH = YES;
				COPY_PHASE_STRIP = NO;
				DEBUG_INFORMATION_FORMAT = dwarf;
				ENABLE_STRICT_OBJC_MSGSEND = YES;
				ENABLE_TESTABILITY = YES;
				GCC_C_LANGUAGE_STANDARD = gnu11;
				GCC_DYNAMIC_NO_PIC = NO;
				GCC_NO_COMMON_BLOCKS = YES;
				GCC_OPTIMIZATION_LEVEL = 0;
				GCC_PREPROCESSOR_DEFINITIONS = (
					"DEBUG=1",
					"$(inherited)",
				);
				GCC_WARN_64_TO_32_BIT_CONVERSION = YES;
				GCC_WARN_ABOUT_RETURN_TYPE = YES_ERROR;
				GCC_WARN_UNDECLARED_SELECTOR = YES;
				GCC_WARN_UNINITIALIZED_AUTOS = YES_AGGRESSIVE;
				GCC_WARN_UNUSED_FUNCTION = YES;
				GCC_WARN_UNUSED_VARIABLE = YES;
				IPHONEOS_DEPLOYMENT_TARGET = 13.2;
				MTL_ENABLE_DEBUG_INFO = INCLUDE_SOURCE;
				MTL_FAST_MATH = YES;
				ONLY_ACTIVE_ARCH = YES;
				SDKROOT = iphoneos;
				SWIFT_ACTIVE_COMPILATION_CONDITIONS = DEBUG;
				SWIFT_OPTIMIZATION_LEVEL = "-Onone";
			};
			name = Debug;
		};
		1232C9F223D3340300CF91AF /* Release */ = {
			isa = XCBuildConfiguration;
			buildSettings = {
				ALWAYS_SEARCH_USER_PATHS = NO;
				CLANG_ANALYZER_NONNULL = YES;
				CLANG_ANALYZER_NUMBER_OBJECT_CONVERSION = YES_AGGRESSIVE;
				CLANG_CXX_LANGUAGE_STANDARD = "gnu++14";
				CLANG_CXX_LIBRARY = "libc++";
				CLANG_ENABLE_MODULES = YES;
				CLANG_ENABLE_OBJC_ARC = YES;
				CLANG_ENABLE_OBJC_WEAK = YES;
				CLANG_WARN_BLOCK_CAPTURE_AUTORELEASING = YES;
				CLANG_WARN_BOOL_CONVERSION = YES;
				CLANG_WARN_COMMA = YES;
				CLANG_WARN_CONSTANT_CONVERSION = YES;
				CLANG_WARN_DEPRECATED_OBJC_IMPLEMENTATIONS = YES;
				CLANG_WARN_DIRECT_OBJC_ISA_USAGE = YES_ERROR;
				CLANG_WARN_DOCUMENTATION_COMMENTS = YES;
				CLANG_WARN_EMPTY_BODY = YES;
				CLANG_WARN_ENUM_CONVERSION = YES;
				CLANG_WARN_INFINITE_RECURSION = YES;
				CLANG_WARN_INT_CONVERSION = YES;
				CLANG_WARN_NON_LITERAL_NULL_CONVERSION = YES;
				CLANG_WARN_OBJC_IMPLICIT_RETAIN_SELF = YES;
				CLANG_WARN_OBJC_LITERAL_CONVERSION = YES;
				CLANG_WARN_OBJC_ROOT_CLASS = YES_ERROR;
				CLANG_WARN_RANGE_LOOP_ANALYSIS = YES;
				CLANG_WARN_STRICT_PROTOTYPES = YES;
				CLANG_WARN_SUSPICIOUS_MOVE = YES;
				CLANG_WARN_UNGUARDED_AVAILABILITY = YES_AGGRESSIVE;
				CLANG_WARN_UNREACHABLE_CODE = YES;
				CLANG_WARN__DUPLICATE_METHOD_MATCH = YES;
				COPY_PHASE_STRIP = NO;
				DEBUG_INFORMATION_FORMAT = "dwarf-with-dsym";
				ENABLE_NS_ASSERTIONS = NO;
				ENABLE_STRICT_OBJC_MSGSEND = YES;
				GCC_C_LANGUAGE_STANDARD = gnu11;
				GCC_NO_COMMON_BLOCKS = YES;
				GCC_WARN_64_TO_32_BIT_CONVERSION = YES;
				GCC_WARN_ABOUT_RETURN_TYPE = YES_ERROR;
				GCC_WARN_UNDECLARED_SELECTOR = YES;
				GCC_WARN_UNINITIALIZED_AUTOS = YES_AGGRESSIVE;
				GCC_WARN_UNUSED_FUNCTION = YES;
				GCC_WARN_UNUSED_VARIABLE = YES;
				IPHONEOS_DEPLOYMENT_TARGET = 13.2;
				MTL_ENABLE_DEBUG_INFO = NO;
				MTL_FAST_MATH = YES;
				SDKROOT = iphoneos;
				SWIFT_COMPILATION_MODE = wholemodule;
				SWIFT_OPTIMIZATION_LEVEL = "-O";
				VALIDATE_PRODUCT = YES;
			};
			name = Release;
		};
		1232C9F423D3340300CF91AF /* Debug */ = {
			isa = XCBuildConfiguration;
			buildSettings = {
				ASSETCATALOG_COMPILER_APPICON_NAME = AppIcon;
				CODE_SIGN_STYLE = Automatic;
				INFOPLIST_FILE = VirtualTourist/Info.plist;
				LD_RUNPATH_SEARCH_PATHS = (
					"$(inherited)",
					"@executable_path/Frameworks",
				);
				PRODUCT_BUNDLE_IDENTIFIER = com.macco.VirtualTourist;
				PRODUCT_NAME = "$(TARGET_NAME)";
				SWIFT_VERSION = 5.0;
				TARGETED_DEVICE_FAMILY = "1,2";
			};
			name = Debug;
		};
		1232C9F523D3340300CF91AF /* Release */ = {
			isa = XCBuildConfiguration;
			buildSettings = {
				ASSETCATALOG_COMPILER_APPICON_NAME = AppIcon;
				CODE_SIGN_STYLE = Automatic;
				INFOPLIST_FILE = VirtualTourist/Info.plist;
				LD_RUNPATH_SEARCH_PATHS = (
					"$(inherited)",
					"@executable_path/Frameworks",
				);
				PRODUCT_BUNDLE_IDENTIFIER = com.macco.VirtualTourist;
				PRODUCT_NAME = "$(TARGET_NAME)";
				SWIFT_VERSION = 5.0;
				TARGETED_DEVICE_FAMILY = "1,2";
			};
			name = Release;
		};
/* End XCBuildConfiguration section */

/* Begin XCConfigurationList section */
		1232C9D723D3340000CF91AF /* Build configuration list for PBXProject "VirtualTourist" */ = {
			isa = XCConfigurationList;
			buildConfigurations = (
				1232C9F123D3340300CF91AF /* Debug */,
				1232C9F223D3340300CF91AF /* Release */,
			);
			defaultConfigurationIsVisible = 0;
			defaultConfigurationName = Release;
		};
		1232C9F323D3340300CF91AF /* Build configuration list for PBXNativeTarget "VirtualTourist" */ = {
			isa = XCConfigurationList;
			buildConfigurations = (
				1232C9F423D3340300CF91AF /* Debug */,
				1232C9F523D3340300CF91AF /* Release */,
			);
			defaultConfigurationIsVisible = 0;
			defaultConfigurationName = Release;
		};
/* End XCConfigurationList section */

/* Begin XCVersionGroup section */
		1232C9E823D3340000CF91AF /* VirtualTourist.xcdatamodeld */ = {
			isa = XCVersionGroup;
			children = (
				1232C9E923D3340000CF91AF /* VirtualTourist.xcdatamodel */,
			);
			currentVersion = 1232C9E923D3340000CF91AF /* VirtualTourist.xcdatamodel */;
			path = VirtualTourist.xcdatamodeld;
			sourceTree = "<group>";
			versionGroupType = wrapper.xcdatamodel;
		};
/* End XCVersionGroup section */
	};
	rootObject = 1232C9D423D3340000CF91AF /* Project object */;
}
